
Microsoft Visual Studio Solution File, Format Version 12.00
# Visual Studio 14
VisualStudioVersion = 14.0.25420.1
MinimumVisualStudioVersion = 10.0.40219.1
Project("{FAE04EC0-301F-11D3-BF4B-00C04F79EFBC}") = "ALDQuoteService", "ALDQuoteService\ALDQuoteService.csproj", "{C1447BCD-CCD2-481F-ADEE-9F143D506C14}"
EndProject
Project("{FAE04EC0-301F-11D3-BF4B-00C04F79EFBC}") = "ALDQuoteService.Tests", "ALDQuoteService.Tests\ALDQuoteService.Tests.csproj", "{6EB313FF-6B95-4C2E-9289-1F4041B6B2F0}"
EndProject
Global
	GlobalSection(SolutionConfigurationPlatforms) = preSolution
		Debug|Any CPU = Debug|Any CPU
		Release|Any CPU = Release|Any CPU
	EndGlobalSection
	GlobalSection(ProjectConfigurationPlatforms) = postSolution
		{C1447BCD-CCD2-481F-ADEE-9F143D506C14}.Debug|Any CPU.ActiveCfg = Debug|Any CPU
		{C1447BCD-CCD2-481F-ADEE-9F143D506C14}.Debug|Any CPU.Build.0 = Debug|Any CPU
		{C1447BCD-CCD2-481F-ADEE-9F143D506C14}.Release|Any CPU.ActiveCfg = Release|Any CPU
		{C1447BCD-CCD2-481F-ADEE-9F143D506C14}.Release|Any CPU.Build.0 = Release|Any CPU
		{6EB313FF-6B95-4C2E-9289-1F4041B6B2F0}.Debug|Any CPU.ActiveCfg = Debug|Any CPU
		{6EB313FF-6B95-4C2E-9289-1F4041B6B2F0}.Debug|Any CPU.Build.0 = Debug|Any CPU
		{6EB313FF-6B95-4C2E-9289-1F4041B6B2F0}.Release|Any CPU.ActiveCfg = Release|Any CPU
		{6EB313FF-6B95-4C2E-9289-1F4041B6B2F0}.Release|Any CPU.Build.0 = Release|Any CPU
	EndGlobalSection
	GlobalSection(SolutionProperties) = preSolution
		HideSolutionNode = FALSE
	EndGlobalSection
EndGlobal
